{
  "object": {
    "pins": [
      {
        "package": "Swixtensions",
        "repositoryURL": "https://github.com/brandenesmith/Swixtensions.git",
        "state": {
          "branch": null,
          "revision": "ad267b26eb761678667196e68824cef7192a9808",
          "version": null
        }
      }
    ]
  },
  "version": 1
}
