{
  "object": {
    "pins": [
      {
        "package": "Swixtensions",
        "repositoryURL": "https://github.com/brandenesmith/Swixtensions.git",
        "state": {
          "branch": null,
          "revision": "951d524aac0a18615f67b51f22523c895f9148a6",
          "version": null
        }
      }
    ]
  },
  "version": 1
}
